
Microsoft Visual Studio Solution File, Format Version 10.00
# Visual Studio 2008
Project("{FAE04EC0-301F-11D3-BF4B-00C04F79EFBC}") = "VsWinServiceControl", "VsWinServiceControl\VsWinServiceControl.csproj", "{081EC442-5E9B-48BE-AA59-1C0C657B1E37}"
EndProject
Global
	GlobalSection(SolutionConfigurationPlatforms) = preSolution
		Debug|Any CPU = Debug|Any CPU
		Release|Any CPU = Release|Any CPU
	EndGlobalSection
	GlobalSection(ProjectConfigurationPlatforms) = postSolution
		{081EC442-5E9B-48BE-AA59-1C0C657B1E37}.Debug|Any CPU.ActiveCfg = Debug|Any CPU
		{081EC442-5E9B-48BE-AA59-1C0C657B1E37}.Debug|Any CPU.Build.0 = Debug|Any CPU
		{081EC442-5E9B-48BE-AA59-1C0C657B1E37}.Release|Any CPU.ActiveCfg = Release|Any CPU
		{081EC442-5E9B-48BE-AA59-1C0C657B1E37}.Release|Any CPU.Build.0 = Release|Any CPU
	EndGlobalSection
	GlobalSection(SolutionProperties) = preSolution
		HideSolutionNode = FALSE
	EndGlobalSection
EndGlobal
