
Microsoft Visual Studio Solution File, Format Version 10.00
# Visual Studio 2008
Project("{FAE04EC0-301F-11D3-BF4B-00C04F79EFBC}") = "vfw", "vfw.csproj", "{ECAA3D55-19AB-440B-B82E-221AE06C4A5B}"
EndProject
Global
	GlobalSection(SolutionConfigurationPlatforms) = preSolution
		Debug|Any CPU = Debug|Any CPU
		Release|Any CPU = Release|Any CPU
	EndGlobalSection
	GlobalSection(ProjectConfigurationPlatforms) = postSolution
		{ECAA3D55-19AB-440B-B82E-221AE06C4A5B}.Debug|Any CPU.ActiveCfg = Debug|Any CPU
		{ECAA3D55-19AB-440B-B82E-221AE06C4A5B}.Debug|Any CPU.Build.0 = Debug|Any CPU
		{ECAA3D55-19AB-440B-B82E-221AE06C4A5B}.Release|Any CPU.ActiveCfg = Release|Any CPU
		{ECAA3D55-19AB-440B-B82E-221AE06C4A5B}.Release|Any CPU.Build.0 = Release|Any CPU
	EndGlobalSection
	GlobalSection(SolutionProperties) = preSolution
		HideSolutionNode = FALSE
	EndGlobalSection
EndGlobal
