
Microsoft Visual Studio Solution File, Format Version 10.00
# Visual Studio 2008
Project("{FAE04EC0-301F-11D3-BF4B-00C04F79EFBC}") = "VsCoreAnalyzer", "VsCoreAnalyzer.csproj", "{710FC326-EF5B-4B1A-ACC9-7E3AD0765CD9}"
EndProject
Global
	GlobalSection(SolutionConfigurationPlatforms) = preSolution
		Debug|Any CPU = Debug|Any CPU
		Release|Any CPU = Release|Any CPU
	EndGlobalSection
	GlobalSection(ProjectConfigurationPlatforms) = postSolution
		{710FC326-EF5B-4B1A-ACC9-7E3AD0765CD9}.Debug|Any CPU.ActiveCfg = Debug|Any CPU
		{710FC326-EF5B-4B1A-ACC9-7E3AD0765CD9}.Debug|Any CPU.Build.0 = Debug|Any CPU
		{710FC326-EF5B-4B1A-ACC9-7E3AD0765CD9}.Release|Any CPU.ActiveCfg = Release|Any CPU
		{710FC326-EF5B-4B1A-ACC9-7E3AD0765CD9}.Release|Any CPU.Build.0 = Release|Any CPU
	EndGlobalSection
	GlobalSection(SolutionProperties) = preSolution
		HideSolutionNode = FALSE
	EndGlobalSection
EndGlobal
