
Microsoft Visual Studio Solution File, Format Version 10.00
# Visual Studio 2008
Project("{FAE04EC0-301F-11D3-BF4B-00C04F79EFBC}") = "VsCoreUtility", "VsCoreUtility\VsCoreUtility.csproj", "{29E76A53-6201-4CA8-95FD-41B17322773E}"
EndProject
Global
	GlobalSection(SolutionConfigurationPlatforms) = preSolution
		Debug|Any CPU = Debug|Any CPU
		Release|Any CPU = Release|Any CPU
	EndGlobalSection
	GlobalSection(ProjectConfigurationPlatforms) = postSolution
		{29E76A53-6201-4CA8-95FD-41B17322773E}.Debug|Any CPU.ActiveCfg = Debug|Any CPU
		{29E76A53-6201-4CA8-95FD-41B17322773E}.Debug|Any CPU.Build.0 = Debug|Any CPU
		{29E76A53-6201-4CA8-95FD-41B17322773E}.Release|Any CPU.ActiveCfg = Release|Any CPU
		{29E76A53-6201-4CA8-95FD-41B17322773E}.Release|Any CPU.Build.0 = Release|Any CPU
	EndGlobalSection
	GlobalSection(SolutionProperties) = preSolution
		HideSolutionNode = FALSE
	EndGlobalSection
EndGlobal
