
Microsoft Visual Studio Solution File, Format Version 10.00
# Visual Studio 2008
Project("{FAE04EC0-301F-11D3-BF4B-00C04F79EFBC}") = "VsCore", "VsCore\VsCore.csproj", "{69BDFE32-5491-4565-B026-AD3623B7650B}"
	ProjectSection(ProjectDependencies) = postProject
		{089F9E16-F175-447E-8F3A-F22B577FB10F} = {089F9E16-F175-447E-8F3A-F22B577FB10F}
		{710FC326-EF5B-4B1A-ACC9-7E3AD0765CD9} = {710FC326-EF5B-4B1A-ACC9-7E3AD0765CD9}
		{DBBA8430-8F99-4DE5-A019-62E16126784D} = {DBBA8430-8F99-4DE5-A019-62E16126784D}
		{16D12033-7E9F-44BF-A589-8D5EAD04F0BB} = {16D12033-7E9F-44BF-A589-8D5EAD04F0BB}
		{54D4EB4C-2F35-4E84-82A3-EB31196A8416} = {54D4EB4C-2F35-4E84-82A3-EB31196A8416}
		{29E76A53-6201-4CA8-95FD-41B17322773E} = {29E76A53-6201-4CA8-95FD-41B17322773E}
		{C842B157-A268-416B-A527-3FA39983754E} = {C842B157-A268-416B-A527-3FA39983754E}
		{3B0B9B61-30F9-433D-B79D-7DF61114FFDD} = {3B0B9B61-30F9-433D-B79D-7DF61114FFDD}
		{D657979B-B359-4065-9308-79C3E6953DB8} = {D657979B-B359-4065-9308-79C3E6953DB8}
		{97F0ECA6-2F40-40A4-907A-1D262E0E5781} = {97F0ECA6-2F40-40A4-907A-1D262E0E5781}
		{E9AB6DDE-6E4D-4A9E-B128-A22EE42BB906} = {E9AB6DDE-6E4D-4A9E-B128-A22EE42BB906}
	EndProjectSection
EndProject
Project("{FAE04EC0-301F-11D3-BF4B-00C04F79EFBC}") = "VsCoreAnalyzer", "VsCoreAnalyzer\VsCoreAnalyzer.csproj", "{710FC326-EF5B-4B1A-ACC9-7E3AD0765CD9}"
EndProject
Project("{FAE04EC0-301F-11D3-BF4B-00C04F79EFBC}") = "VsCoreDataAlert", "VsCoreDataAlert\VsCoreDataAlert.csproj", "{D657979B-B359-4065-9308-79C3E6953DB8}"
EndProject
Project("{FAE04EC0-301F-11D3-BF4B-00C04F79EFBC}") = "VsCoreDbDelete", "VsCoreDbDelete\VsCoreDbDelete\VsCoreDbDelete.csproj", "{54D4EB4C-2F35-4E84-82A3-EB31196A8416}"
EndProject
Project("{FAE04EC0-301F-11D3-BF4B-00C04F79EFBC}") = "VsCoreEmailAlert", "VsCoreEmailAlert\VsCoreEmailAlert.csproj", "{DBBA8430-8F99-4DE5-A019-62E16126784D}"
EndProject
Project("{FAE04EC0-301F-11D3-BF4B-00C04F79EFBC}") = "VsCoreEncoder", "VsCoreEncoder\VsCoreEncoder.csproj", "{E9AB6DDE-6E4D-4A9E-B128-A22EE42BB906}"
EndProject
Project("{FAE04EC0-301F-11D3-BF4B-00C04F79EFBC}") = "VsCoreEventAlert", "VsCoreEventAlert\VsCoreEventAlert.csproj", "{3B0B9B61-30F9-433D-B79D-7DF61114FFDD}"
EndProject
Project("{FAE04EC0-301F-11D3-BF4B-00C04F79EFBC}") = "VsCoreProvider", "VsCoreProvider\VsCoreProvider.csproj", "{C842B157-A268-416B-A527-3FA39983754E}"
EndProject
Project("{FAE04EC0-301F-11D3-BF4B-00C04F79EFBC}") = "VsCoreStreamer", "VsCoreStreamer\VsCoreStreamer.csproj", "{97F0ECA6-2F40-40A4-907A-1D262E0E5781}"
EndProject
Project("{FAE04EC0-301F-11D3-BF4B-00C04F79EFBC}") = "VsCoreSystemInfo", "VsCoreSystemInfo\VsCoreSystemInfo.csproj", "{089F9E16-F175-447E-8F3A-F22B577FB10F}"
EndProject
Project("{FAE04EC0-301F-11D3-BF4B-00C04F79EFBC}") = "VsCoreUtility", "VsCoreUtility\VsCoreUtility\VsCoreUtility.csproj", "{29E76A53-6201-4CA8-95FD-41B17322773E}"
EndProject
Project("{FAE04EC0-301F-11D3-BF4B-00C04F79EFBC}") = "VsImage", "VsImage\VsImage.csproj", "{16D12033-7E9F-44BF-A589-8D5EAD04F0BB}"
EndProject
Project("{FAE04EC0-301F-11D3-BF4B-00C04F79EFBC}") = "VsCoreServer", "VsCoreServer\VsCoreServer\VsCoreServer.csproj", "{0F338117-3442-4439-B402-F8B03D3C460C}"
	ProjectSection(ProjectDependencies) = postProject
		{69BDFE32-5491-4565-B026-AD3623B7650B} = {69BDFE32-5491-4565-B026-AD3623B7650B}
	EndProjectSection
EndProject
Global
	GlobalSection(SolutionConfigurationPlatforms) = preSolution
		Debug|Any CPU = Debug|Any CPU
		Release|Any CPU = Release|Any CPU
	EndGlobalSection
	GlobalSection(ProjectConfigurationPlatforms) = postSolution
		{69BDFE32-5491-4565-B026-AD3623B7650B}.Debug|Any CPU.ActiveCfg = Debug|Any CPU
		{69BDFE32-5491-4565-B026-AD3623B7650B}.Debug|Any CPU.Build.0 = Debug|Any CPU
		{69BDFE32-5491-4565-B026-AD3623B7650B}.Release|Any CPU.ActiveCfg = Release|Any CPU
		{69BDFE32-5491-4565-B026-AD3623B7650B}.Release|Any CPU.Build.0 = Release|Any CPU
		{710FC326-EF5B-4B1A-ACC9-7E3AD0765CD9}.Debug|Any CPU.ActiveCfg = Debug|Any CPU
		{710FC326-EF5B-4B1A-ACC9-7E3AD0765CD9}.Debug|Any CPU.Build.0 = Debug|Any CPU
		{710FC326-EF5B-4B1A-ACC9-7E3AD0765CD9}.Release|Any CPU.ActiveCfg = Release|Any CPU
		{710FC326-EF5B-4B1A-ACC9-7E3AD0765CD9}.Release|Any CPU.Build.0 = Release|Any CPU
		{D657979B-B359-4065-9308-79C3E6953DB8}.Debug|Any CPU.ActiveCfg = Debug|Any CPU
		{D657979B-B359-4065-9308-79C3E6953DB8}.Debug|Any CPU.Build.0 = Debug|Any CPU
		{D657979B-B359-4065-9308-79C3E6953DB8}.Release|Any CPU.ActiveCfg = Release|Any CPU
		{D657979B-B359-4065-9308-79C3E6953DB8}.Release|Any CPU.Build.0 = Release|Any CPU
		{54D4EB4C-2F35-4E84-82A3-EB31196A8416}.Debug|Any CPU.ActiveCfg = Debug|Any CPU
		{54D4EB4C-2F35-4E84-82A3-EB31196A8416}.Debug|Any CPU.Build.0 = Debug|Any CPU
		{54D4EB4C-2F35-4E84-82A3-EB31196A8416}.Release|Any CPU.ActiveCfg = Release|Any CPU
		{54D4EB4C-2F35-4E84-82A3-EB31196A8416}.Release|Any CPU.Build.0 = Release|Any CPU
		{DBBA8430-8F99-4DE5-A019-62E16126784D}.Debug|Any CPU.ActiveCfg = Debug|Any CPU
		{DBBA8430-8F99-4DE5-A019-62E16126784D}.Debug|Any CPU.Build.0 = Debug|Any CPU
		{DBBA8430-8F99-4DE5-A019-62E16126784D}.Release|Any CPU.ActiveCfg = Release|Any CPU
		{DBBA8430-8F99-4DE5-A019-62E16126784D}.Release|Any CPU.Build.0 = Release|Any CPU
		{E9AB6DDE-6E4D-4A9E-B128-A22EE42BB906}.Debug|Any CPU.ActiveCfg = Debug|Any CPU
		{E9AB6DDE-6E4D-4A9E-B128-A22EE42BB906}.Debug|Any CPU.Build.0 = Debug|Any CPU
		{E9AB6DDE-6E4D-4A9E-B128-A22EE42BB906}.Release|Any CPU.ActiveCfg = Release|Any CPU
		{E9AB6DDE-6E4D-4A9E-B128-A22EE42BB906}.Release|Any CPU.Build.0 = Release|Any CPU
		{3B0B9B61-30F9-433D-B79D-7DF61114FFDD}.Debug|Any CPU.ActiveCfg = Debug|Any CPU
		{3B0B9B61-30F9-433D-B79D-7DF61114FFDD}.Debug|Any CPU.Build.0 = Debug|Any CPU
		{3B0B9B61-30F9-433D-B79D-7DF61114FFDD}.Release|Any CPU.ActiveCfg = Release|Any CPU
		{3B0B9B61-30F9-433D-B79D-7DF61114FFDD}.Release|Any CPU.Build.0 = Release|Any CPU
		{C842B157-A268-416B-A527-3FA39983754E}.Debug|Any CPU.ActiveCfg = Debug|Any CPU
		{C842B157-A268-416B-A527-3FA39983754E}.Debug|Any CPU.Build.0 = Debug|Any CPU
		{C842B157-A268-416B-A527-3FA39983754E}.Release|Any CPU.ActiveCfg = Release|Any CPU
		{C842B157-A268-416B-A527-3FA39983754E}.Release|Any CPU.Build.0 = Release|Any CPU
		{97F0ECA6-2F40-40A4-907A-1D262E0E5781}.Debug|Any CPU.ActiveCfg = Debug|Any CPU
		{97F0ECA6-2F40-40A4-907A-1D262E0E5781}.Debug|Any CPU.Build.0 = Debug|Any CPU
		{97F0ECA6-2F40-40A4-907A-1D262E0E5781}.Release|Any CPU.ActiveCfg = Release|Any CPU
		{97F0ECA6-2F40-40A4-907A-1D262E0E5781}.Release|Any CPU.Build.0 = Release|Any CPU
		{089F9E16-F175-447E-8F3A-F22B577FB10F}.Debug|Any CPU.ActiveCfg = Debug|Any CPU
		{089F9E16-F175-447E-8F3A-F22B577FB10F}.Debug|Any CPU.Build.0 = Debug|Any CPU
		{089F9E16-F175-447E-8F3A-F22B577FB10F}.Release|Any CPU.ActiveCfg = Release|Any CPU
		{089F9E16-F175-447E-8F3A-F22B577FB10F}.Release|Any CPU.Build.0 = Release|Any CPU
		{29E76A53-6201-4CA8-95FD-41B17322773E}.Debug|Any CPU.ActiveCfg = Debug|Any CPU
		{29E76A53-6201-4CA8-95FD-41B17322773E}.Debug|Any CPU.Build.0 = Debug|Any CPU
		{29E76A53-6201-4CA8-95FD-41B17322773E}.Release|Any CPU.ActiveCfg = Release|Any CPU
		{29E76A53-6201-4CA8-95FD-41B17322773E}.Release|Any CPU.Build.0 = Release|Any CPU
		{16D12033-7E9F-44BF-A589-8D5EAD04F0BB}.Debug|Any CPU.ActiveCfg = Debug|Any CPU
		{16D12033-7E9F-44BF-A589-8D5EAD04F0BB}.Debug|Any CPU.Build.0 = Debug|Any CPU
		{16D12033-7E9F-44BF-A589-8D5EAD04F0BB}.Release|Any CPU.ActiveCfg = Release|Any CPU
		{16D12033-7E9F-44BF-A589-8D5EAD04F0BB}.Release|Any CPU.Build.0 = Release|Any CPU
		{0F338117-3442-4439-B402-F8B03D3C460C}.Debug|Any CPU.ActiveCfg = Debug|Any CPU
		{0F338117-3442-4439-B402-F8B03D3C460C}.Debug|Any CPU.Build.0 = Debug|Any CPU
		{0F338117-3442-4439-B402-F8B03D3C460C}.Release|Any CPU.ActiveCfg = Release|Any CPU
		{0F338117-3442-4439-B402-F8B03D3C460C}.Release|Any CPU.Build.0 = Release|Any CPU
	EndGlobalSection
	GlobalSection(SolutionProperties) = preSolution
		HideSolutionNode = FALSE
	EndGlobalSection
EndGlobal
