
Microsoft Visual Studio Solution File, Format Version 10.00
# Visual Studio 2008
Project("{FAE04EC0-301F-11D3-BF4B-00C04F79EFBC}") = "VsCoreEncoder", "VsCoreEncoder.csproj", "{E9AB6DDE-6E4D-4A9E-B128-A22EE42BB906}"
EndProject
Global
	GlobalSection(SolutionConfigurationPlatforms) = preSolution
		Debug|Any CPU = Debug|Any CPU
		Release|Any CPU = Release|Any CPU
	EndGlobalSection
	GlobalSection(ProjectConfigurationPlatforms) = postSolution
		{E9AB6DDE-6E4D-4A9E-B128-A22EE42BB906}.Debug|Any CPU.ActiveCfg = Debug|Any CPU
		{E9AB6DDE-6E4D-4A9E-B128-A22EE42BB906}.Debug|Any CPU.Build.0 = Debug|Any CPU
		{E9AB6DDE-6E4D-4A9E-B128-A22EE42BB906}.Release|Any CPU.ActiveCfg = Release|Any CPU
		{E9AB6DDE-6E4D-4A9E-B128-A22EE42BB906}.Release|Any CPU.Build.0 = Release|Any CPU
	EndGlobalSection
	GlobalSection(SolutionProperties) = preSolution
		HideSolutionNode = FALSE
	EndGlobalSection
EndGlobal
