
Microsoft Visual Studio Solution File, Format Version 10.00
# Visual Studio 2008
Project("{FAE04EC0-301F-11D3-BF4B-00C04F79EFBC}") = "NetFLVScreenEncoder", "NetFLVScreenEncoder\NetFLVScreenEncoder.csproj", "{756C0A2D-FD44-4E80-A135-1D41FCF8009B}"
EndProject
Global
	GlobalSection(SolutionConfigurationPlatforms) = preSolution
		Debug|Any CPU = Debug|Any CPU
		Release|Any CPU = Release|Any CPU
	EndGlobalSection
	GlobalSection(ProjectConfigurationPlatforms) = postSolution
		{756C0A2D-FD44-4E80-A135-1D41FCF8009B}.Debug|Any CPU.ActiveCfg = Release|Any CPU
		{756C0A2D-FD44-4E80-A135-1D41FCF8009B}.Debug|Any CPU.Build.0 = Release|Any CPU
		{756C0A2D-FD44-4E80-A135-1D41FCF8009B}.Release|Any CPU.ActiveCfg = Release|Any CPU
		{756C0A2D-FD44-4E80-A135-1D41FCF8009B}.Release|Any CPU.Build.0 = Release|Any CPU
	EndGlobalSection
	GlobalSection(SolutionProperties) = preSolution
		HideSolutionNode = FALSE
	EndGlobalSection
EndGlobal
