
Microsoft Visual Studio Solution File, Format Version 10.00
# Visual Studio 2008
Project("{FAE04EC0-301F-11D3-BF4B-00C04F79EFBC}") = "VsLive", "VsLive\VsLive.csproj", "{E6022CBE-6ED9-4281-8924-16320F8F2BCE}"
EndProject
Global
	GlobalSection(SolutionConfigurationPlatforms) = preSolution
		Debug|Any CPU = Debug|Any CPU
		Release|Any CPU = Release|Any CPU
	EndGlobalSection
	GlobalSection(ProjectConfigurationPlatforms) = postSolution
		{E6022CBE-6ED9-4281-8924-16320F8F2BCE}.Debug|Any CPU.ActiveCfg = Debug|Any CPU
		{E6022CBE-6ED9-4281-8924-16320F8F2BCE}.Debug|Any CPU.Build.0 = Debug|Any CPU
		{E6022CBE-6ED9-4281-8924-16320F8F2BCE}.Release|Any CPU.ActiveCfg = Release|Any CPU
		{E6022CBE-6ED9-4281-8924-16320F8F2BCE}.Release|Any CPU.Build.0 = Release|Any CPU
	EndGlobalSection
	GlobalSection(SolutionProperties) = preSolution
		HideSolutionNode = FALSE
	EndGlobalSection
EndGlobal
