
Microsoft Visual Studio Solution File, Format Version 10.00
# Visual Studio 2008
Project("{FAE04EC0-301F-11D3-BF4B-00C04F79EFBC}") = "ScreenCaptureControl", "ScreenCaptureControl\ScreenCaptureControl.csproj", "{CCE69642-951F-4C11-A748-9282AE8384F1}"
EndProject
Global
	GlobalSection(SolutionConfigurationPlatforms) = preSolution
		Debug|Any CPU = Debug|Any CPU
		Release|Any CPU = Release|Any CPU
	EndGlobalSection
	GlobalSection(ProjectConfigurationPlatforms) = postSolution
		{CCE69642-951F-4C11-A748-9282AE8384F1}.Debug|Any CPU.ActiveCfg = Release|Any CPU
		{CCE69642-951F-4C11-A748-9282AE8384F1}.Debug|Any CPU.Build.0 = Release|Any CPU
		{CCE69642-951F-4C11-A748-9282AE8384F1}.Release|Any CPU.ActiveCfg = Release|Any CPU
		{CCE69642-951F-4C11-A748-9282AE8384F1}.Release|Any CPU.Build.0 = Release|Any CPU
	EndGlobalSection
	GlobalSection(SolutionProperties) = preSolution
		HideSolutionNode = FALSE
	EndGlobalSection
EndGlobal
