
Microsoft Visual Studio Solution File, Format Version 10.00
# Visual Studio 2008
Project("{FAE04EC0-301F-11D3-BF4B-00C04F79EFBC}") = "VsCoreEventAlert", "VsCoreEventAlert.csproj", "{3B0B9B61-30F9-433D-B79D-7DF61114FFDD}"
EndProject
Global
	GlobalSection(SolutionConfigurationPlatforms) = preSolution
		Debug|Any CPU = Debug|Any CPU
		Release|Any CPU = Release|Any CPU
	EndGlobalSection
	GlobalSection(ProjectConfigurationPlatforms) = postSolution
		{3B0B9B61-30F9-433D-B79D-7DF61114FFDD}.Debug|Any CPU.ActiveCfg = Debug|Any CPU
		{3B0B9B61-30F9-433D-B79D-7DF61114FFDD}.Debug|Any CPU.Build.0 = Debug|Any CPU
		{3B0B9B61-30F9-433D-B79D-7DF61114FFDD}.Release|Any CPU.ActiveCfg = Release|Any CPU
		{3B0B9B61-30F9-433D-B79D-7DF61114FFDD}.Release|Any CPU.Build.0 = Release|Any CPU
	EndGlobalSection
	GlobalSection(SolutionProperties) = preSolution
		HideSolutionNode = FALSE
	EndGlobalSection
EndGlobal
