
Microsoft Visual Studio Solution File, Format Version 10.00
# Visual Studio 2008
Project("{FAE04EC0-301F-11D3-BF4B-00C04F79EFBC}") = "VsInsertAssemblyInfo", "InsertAssemblyInfo\VsInsertAssemblyInfo.csproj", "{974D1656-5AE1-4C73-BA58-3D17514D98CF}"
EndProject
Global
	GlobalSection(SolutionConfigurationPlatforms) = preSolution
		Debug|Any CPU = Debug|Any CPU
		Release|Any CPU = Release|Any CPU
	EndGlobalSection
	GlobalSection(ProjectConfigurationPlatforms) = postSolution
		{974D1656-5AE1-4C73-BA58-3D17514D98CF}.Debug|Any CPU.ActiveCfg = Debug|Any CPU
		{974D1656-5AE1-4C73-BA58-3D17514D98CF}.Debug|Any CPU.Build.0 = Debug|Any CPU
		{974D1656-5AE1-4C73-BA58-3D17514D98CF}.Release|Any CPU.ActiveCfg = Release|Any CPU
		{974D1656-5AE1-4C73-BA58-3D17514D98CF}.Release|Any CPU.Build.0 = Release|Any CPU
	EndGlobalSection
	GlobalSection(SolutionProperties) = preSolution
		HideSolutionNode = FALSE
	EndGlobalSection
EndGlobal
