
Microsoft Visual Studio Solution File, Format Version 10.00
# Visual Studio 2008
Project("{54435603-DBB4-11D2-8724-00A0C9A8B90C}") = "VsEnterpriseServer", "VsEnterpriseServer\VsEnterpriseServer.vdproj", "{01877BEC-2323-4C7D-B24F-9B10E9DFFDF9}"
EndProject
Project("{FAE04EC0-301F-11D3-BF4B-00C04F79EFBC}") = "VsWinServiceControl", "..\..\..\VsApp\VsWinServiceControl\VsWinServiceControl\VsWinServiceControl.csproj", "{081EC442-5E9B-48BE-AA59-1C0C657B1E37}"
EndProject
Project("{FAE04EC0-301F-11D3-BF4B-00C04F79EFBC}") = "VsWinService", "..\..\..\VsApp\VsWinService\VsWinService\VsWinService.csproj", "{D67E4549-6AAC-42A0-B3F2-BB2B5C471096}"
EndProject
Project("{FAE04EC0-301F-11D3-BF4B-00C04F79EFBC}") = "VsMonitor", "..\..\..\VsApp\VsMonitor\VsMonitor\VsMonitor.csproj", "{19AF3083-E106-4892-B544-C724897FA436}"
EndProject
Project("{FAE04EC0-301F-11D3-BF4B-00C04F79EFBC}") = "VsClient", "..\..\..\VsApp\VsClient\ControlerClient\VsClient.csproj", "{4D541CA1-1D32-4F23-A48B-E649E26E63B0}"
EndProject
Project("{E24C65DC-7377-472B-9ABA-BC803B73C61A}") = "VsWebService", "C:\Documents and Settings\newww\Desktop\trunk\trunk\VsApp\VsWebService\", "{ECCB979F-7589-48AA-8A48-69B3E0A31640}"
	ProjectSection(WebsiteProperties) = preProject
		TargetFramework = "2.0"
		Debug.AspNetCompiler.VirtualPath = "/VsWebService"
		Debug.AspNetCompiler.PhysicalPath = "C:\Documents and Settings\newww\Desktop\trunk\trunk\VsApp\VsWebService\"
		Debug.AspNetCompiler.TargetPath = "PrecompiledWeb\VsWebService\"
		Debug.AspNetCompiler.Updateable = "true"
		Debug.AspNetCompiler.ForceOverwrite = "true"
		Debug.AspNetCompiler.FixedNames = "false"
		Debug.AspNetCompiler.Debug = "True"
		Release.AspNetCompiler.VirtualPath = "/VsWebService"
		Release.AspNetCompiler.PhysicalPath = "C:\Documents and Settings\newww\Desktop\trunk\trunk\VsApp\VsWebService\"
		Release.AspNetCompiler.TargetPath = "PrecompiledWeb\VsWebService\"
		Release.AspNetCompiler.Updateable = "true"
		Release.AspNetCompiler.ForceOverwrite = "true"
		Release.AspNetCompiler.FixedNames = "false"
		Release.AspNetCompiler.Debug = "False"
		VWDPort = "3795"
	EndProjectSection
EndProject
Project("{FAE04EC0-301F-11D3-BF4B-00C04F79EFBC}") = "VsConfig", "..\VsConfig\VsConfig\VsConfig.csproj", "{0C3B331F-102B-48B5-8E0C-84B5B8FEB56D}"
EndProject
Global
	GlobalSection(SolutionConfigurationPlatforms) = preSolution
		Debug|.NET = Debug|.NET
		Debug|Any CPU = Debug|Any CPU
		Debug|Mixed Platforms = Debug|Mixed Platforms
		Release|.NET = Release|.NET
		Release|Any CPU = Release|Any CPU
		Release|Mixed Platforms = Release|Mixed Platforms
	EndGlobalSection
	GlobalSection(ProjectConfigurationPlatforms) = postSolution
		{01877BEC-2323-4C7D-B24F-9B10E9DFFDF9}.Debug|.NET.ActiveCfg = Debug
		{01877BEC-2323-4C7D-B24F-9B10E9DFFDF9}.Debug|.NET.Build.0 = Debug
		{01877BEC-2323-4C7D-B24F-9B10E9DFFDF9}.Debug|Any CPU.ActiveCfg = Debug
		{01877BEC-2323-4C7D-B24F-9B10E9DFFDF9}.Debug|Any CPU.Build.0 = Debug
		{01877BEC-2323-4C7D-B24F-9B10E9DFFDF9}.Debug|Mixed Platforms.ActiveCfg = Debug
		{01877BEC-2323-4C7D-B24F-9B10E9DFFDF9}.Debug|Mixed Platforms.Build.0 = Debug
		{01877BEC-2323-4C7D-B24F-9B10E9DFFDF9}.Release|.NET.ActiveCfg = Release
		{01877BEC-2323-4C7D-B24F-9B10E9DFFDF9}.Release|.NET.Build.0 = Release
		{01877BEC-2323-4C7D-B24F-9B10E9DFFDF9}.Release|Any CPU.ActiveCfg = Release
		{01877BEC-2323-4C7D-B24F-9B10E9DFFDF9}.Release|Any CPU.Build.0 = Release
		{01877BEC-2323-4C7D-B24F-9B10E9DFFDF9}.Release|Mixed Platforms.ActiveCfg = Release
		{01877BEC-2323-4C7D-B24F-9B10E9DFFDF9}.Release|Mixed Platforms.Build.0 = Release
		{081EC442-5E9B-48BE-AA59-1C0C657B1E37}.Debug|.NET.ActiveCfg = Debug|Any CPU
		{081EC442-5E9B-48BE-AA59-1C0C657B1E37}.Debug|Any CPU.ActiveCfg = Debug|Any CPU
		{081EC442-5E9B-48BE-AA59-1C0C657B1E37}.Debug|Any CPU.Build.0 = Debug|Any CPU
		{081EC442-5E9B-48BE-AA59-1C0C657B1E37}.Debug|Mixed Platforms.ActiveCfg = Debug|Any CPU
		{081EC442-5E9B-48BE-AA59-1C0C657B1E37}.Debug|Mixed Platforms.Build.0 = Debug|Any CPU
		{081EC442-5E9B-48BE-AA59-1C0C657B1E37}.Release|.NET.ActiveCfg = Release|Any CPU
		{081EC442-5E9B-48BE-AA59-1C0C657B1E37}.Release|Any CPU.ActiveCfg = Release|Any CPU
		{081EC442-5E9B-48BE-AA59-1C0C657B1E37}.Release|Any CPU.Build.0 = Release|Any CPU
		{081EC442-5E9B-48BE-AA59-1C0C657B1E37}.Release|Mixed Platforms.ActiveCfg = Release|Any CPU
		{081EC442-5E9B-48BE-AA59-1C0C657B1E37}.Release|Mixed Platforms.Build.0 = Release|Any CPU
		{D67E4549-6AAC-42A0-B3F2-BB2B5C471096}.Debug|.NET.ActiveCfg = Debug|Any CPU
		{D67E4549-6AAC-42A0-B3F2-BB2B5C471096}.Debug|Any CPU.ActiveCfg = Debug|Any CPU
		{D67E4549-6AAC-42A0-B3F2-BB2B5C471096}.Debug|Any CPU.Build.0 = Debug|Any CPU
		{D67E4549-6AAC-42A0-B3F2-BB2B5C471096}.Debug|Mixed Platforms.ActiveCfg = Debug|Any CPU
		{D67E4549-6AAC-42A0-B3F2-BB2B5C471096}.Debug|Mixed Platforms.Build.0 = Debug|Any CPU
		{D67E4549-6AAC-42A0-B3F2-BB2B5C471096}.Release|.NET.ActiveCfg = Release|Any CPU
		{D67E4549-6AAC-42A0-B3F2-BB2B5C471096}.Release|Any CPU.ActiveCfg = Release|Any CPU
		{D67E4549-6AAC-42A0-B3F2-BB2B5C471096}.Release|Any CPU.Build.0 = Release|Any CPU
		{D67E4549-6AAC-42A0-B3F2-BB2B5C471096}.Release|Mixed Platforms.ActiveCfg = Release|Any CPU
		{D67E4549-6AAC-42A0-B3F2-BB2B5C471096}.Release|Mixed Platforms.Build.0 = Release|Any CPU
		{19AF3083-E106-4892-B544-C724897FA436}.Debug|.NET.ActiveCfg = Debug|Any CPU
		{19AF3083-E106-4892-B544-C724897FA436}.Debug|Any CPU.ActiveCfg = Debug|Any CPU
		{19AF3083-E106-4892-B544-C724897FA436}.Debug|Any CPU.Build.0 = Debug|Any CPU
		{19AF3083-E106-4892-B544-C724897FA436}.Debug|Mixed Platforms.ActiveCfg = Debug|Any CPU
		{19AF3083-E106-4892-B544-C724897FA436}.Debug|Mixed Platforms.Build.0 = Debug|Any CPU
		{19AF3083-E106-4892-B544-C724897FA436}.Release|.NET.ActiveCfg = Release|Any CPU
		{19AF3083-E106-4892-B544-C724897FA436}.Release|Any CPU.ActiveCfg = Release|Any CPU
		{19AF3083-E106-4892-B544-C724897FA436}.Release|Any CPU.Build.0 = Release|Any CPU
		{19AF3083-E106-4892-B544-C724897FA436}.Release|Mixed Platforms.ActiveCfg = Release|Any CPU
		{19AF3083-E106-4892-B544-C724897FA436}.Release|Mixed Platforms.Build.0 = Release|Any CPU
		{4D541CA1-1D32-4F23-A48B-E649E26E63B0}.Debug|.NET.ActiveCfg = Debug|Any CPU
		{4D541CA1-1D32-4F23-A48B-E649E26E63B0}.Debug|Any CPU.ActiveCfg = Debug|Any CPU
		{4D541CA1-1D32-4F23-A48B-E649E26E63B0}.Debug|Any CPU.Build.0 = Debug|Any CPU
		{4D541CA1-1D32-4F23-A48B-E649E26E63B0}.Debug|Mixed Platforms.ActiveCfg = Debug|Any CPU
		{4D541CA1-1D32-4F23-A48B-E649E26E63B0}.Debug|Mixed Platforms.Build.0 = Debug|Any CPU
		{4D541CA1-1D32-4F23-A48B-E649E26E63B0}.Release|.NET.ActiveCfg = Release|Any CPU
		{4D541CA1-1D32-4F23-A48B-E649E26E63B0}.Release|Any CPU.ActiveCfg = Release|Any CPU
		{4D541CA1-1D32-4F23-A48B-E649E26E63B0}.Release|Any CPU.Build.0 = Release|Any CPU
		{4D541CA1-1D32-4F23-A48B-E649E26E63B0}.Release|Mixed Platforms.ActiveCfg = Release|Any CPU
		{4D541CA1-1D32-4F23-A48B-E649E26E63B0}.Release|Mixed Platforms.Build.0 = Release|Any CPU
		{ECCB979F-7589-48AA-8A48-69B3E0A31640}.Debug|.NET.ActiveCfg = Debug|.NET
		{ECCB979F-7589-48AA-8A48-69B3E0A31640}.Debug|.NET.Build.0 = Debug|.NET
		{ECCB979F-7589-48AA-8A48-69B3E0A31640}.Debug|Any CPU.ActiveCfg = Debug|.NET
		{ECCB979F-7589-48AA-8A48-69B3E0A31640}.Debug|Mixed Platforms.ActiveCfg = Debug|.NET
		{ECCB979F-7589-48AA-8A48-69B3E0A31640}.Debug|Mixed Platforms.Build.0 = Debug|.NET
		{ECCB979F-7589-48AA-8A48-69B3E0A31640}.Release|.NET.ActiveCfg = Debug|.NET
		{ECCB979F-7589-48AA-8A48-69B3E0A31640}.Release|.NET.Build.0 = Debug|.NET
		{ECCB979F-7589-48AA-8A48-69B3E0A31640}.Release|Any CPU.ActiveCfg = Debug|.NET
		{ECCB979F-7589-48AA-8A48-69B3E0A31640}.Release|Mixed Platforms.ActiveCfg = Debug|.NET
		{ECCB979F-7589-48AA-8A48-69B3E0A31640}.Release|Mixed Platforms.Build.0 = Debug|.NET
		{0C3B331F-102B-48B5-8E0C-84B5B8FEB56D}.Debug|.NET.ActiveCfg = Debug|Any CPU
		{0C3B331F-102B-48B5-8E0C-84B5B8FEB56D}.Debug|Any CPU.ActiveCfg = Debug|Any CPU
		{0C3B331F-102B-48B5-8E0C-84B5B8FEB56D}.Debug|Any CPU.Build.0 = Debug|Any CPU
		{0C3B331F-102B-48B5-8E0C-84B5B8FEB56D}.Debug|Mixed Platforms.ActiveCfg = Debug|Any CPU
		{0C3B331F-102B-48B5-8E0C-84B5B8FEB56D}.Debug|Mixed Platforms.Build.0 = Debug|Any CPU
		{0C3B331F-102B-48B5-8E0C-84B5B8FEB56D}.Release|.NET.ActiveCfg = Release|Any CPU
		{0C3B331F-102B-48B5-8E0C-84B5B8FEB56D}.Release|Any CPU.ActiveCfg = Release|Any CPU
		{0C3B331F-102B-48B5-8E0C-84B5B8FEB56D}.Release|Any CPU.Build.0 = Release|Any CPU
		{0C3B331F-102B-48B5-8E0C-84B5B8FEB56D}.Release|Mixed Platforms.ActiveCfg = Release|Any CPU
		{0C3B331F-102B-48B5-8E0C-84B5B8FEB56D}.Release|Mixed Platforms.Build.0 = Release|Any CPU
	EndGlobalSection
	GlobalSection(SolutionProperties) = preSolution
		HideSolutionNode = FALSE
	EndGlobalSection
EndGlobal
